
Microsoft Visual Studio Solution File, Format Version 12.00
Project("{FAE04EC0-301F-11D3-BF4B-00C04F79EFBC}") = "SecretsBak", "SecretsBak\SecretsBak.csproj", "{DA45658D-6B7F-4B81-BEEE-EF6E33EA848D}"
EndProject
Project("{FAE04EC0-301F-11D3-BF4B-00C04F79EFBC}") = "Helpers", "Helpers\Helpers.csproj", "{63916E3F-88F6-44C3-BA52-727A2CF1C784}"
EndProject
Global
	GlobalSection(SolutionConfigurationPlatforms) = preSolution
		Debug|Any CPU = Debug|Any CPU
		Release|Any CPU = Release|Any CPU
	EndGlobalSection
	GlobalSection(ProjectConfigurationPlatforms) = postSolution
		{DA45658D-6B7F-4B81-BEEE-EF6E33EA848D}.Debug|Any CPU.ActiveCfg = Debug|Any CPU
		{DA45658D-6B7F-4B81-BEEE-EF6E33EA848D}.Debug|Any CPU.Build.0 = Debug|Any CPU
		{DA45658D-6B7F-4B81-BEEE-EF6E33EA848D}.Release|Any CPU.ActiveCfg = Release|Any CPU
		{DA45658D-6B7F-4B81-BEEE-EF6E33EA848D}.Release|Any CPU.Build.0 = Release|Any CPU
		{63916E3F-88F6-44C3-BA52-727A2CF1C784}.Debug|Any CPU.ActiveCfg = Debug|Any CPU
		{63916E3F-88F6-44C3-BA52-727A2CF1C784}.Debug|Any CPU.Build.0 = Debug|Any CPU
		{63916E3F-88F6-44C3-BA52-727A2CF1C784}.Release|Any CPU.ActiveCfg = Release|Any CPU
		{63916E3F-88F6-44C3-BA52-727A2CF1C784}.Release|Any CPU.Build.0 = Release|Any CPU
	EndGlobalSection
EndGlobal
